
Microsoft Visual Studio Solution File, Format Version 12.00
# Visual Studio Version 16
VisualStudioVersion = 16.0.32002.261
MinimumVisualStudioVersion = 10.0.40219.1
Project("{FAE04EC0-301F-11D3-BF4B-00C04F79EFBC}") = "ConsoleApp2", "ConsoleApp2\ConsoleApp2.csproj", "{45B651D4-4AA6-4EA4-8B64-ECB720FC8EDF}"
EndProject
Global
	GlobalSection(SolutionConfigurationPlatforms) = preSolution
		Debug|Any CPU = Debug|Any CPU
		Release|Any CPU = Release|Any CPU
	EndGlobalSection
	GlobalSection(ProjectConfigurationPlatforms) = postSolution
		{45B651D4-4AA6-4EA4-8B64-ECB720FC8EDF}.Debug|Any CPU.ActiveCfg = Debug|Any CPU
		{45B651D4-4AA6-4EA4-8B64-ECB720FC8EDF}.Debug|Any CPU.Build.0 = Debug|Any CPU
		{45B651D4-4AA6-4EA4-8B64-ECB720FC8EDF}.Release|Any CPU.ActiveCfg = Release|Any CPU
		{45B651D4-4AA6-4EA4-8B64-ECB720FC8EDF}.Release|Any CPU.Build.0 = Release|Any CPU
	EndGlobalSection
	GlobalSection(SolutionProperties) = preSolution
		HideSolutionNode = FALSE
	EndGlobalSection
	GlobalSection(ExtensibilityGlobals) = postSolution
		SolutionGuid = {7132F4B9-0EE4-4E62-B2E5-8D03D6F757D2}
	EndGlobalSection
EndGlobal
